
Microsoft Visual Studio Solution File, Format Version 12.00
# Visual Studio 15
VisualStudioVersion = 15.0.28307.136
MinimumVisualStudioVersion = 10.0.40219.1
Project("{FAE04EC0-301F-11D3-BF4B-00C04F79EFBC}") = "MBPaint", "MBPaint\MBPaint.csproj", "{74BF45D1-892F-4265-83FC-8E29C8DCFDFC}"
EndProject
Global
	GlobalSection(SolutionConfigurationPlatforms) = preSolution
		Debug|Any CPU = Debug|Any CPU
		Release|Any CPU = Release|Any CPU
	EndGlobalSection
	GlobalSection(ProjectConfigurationPlatforms) = postSolution
		{74BF45D1-892F-4265-83FC-8E29C8DCFDFC}.Debug|Any CPU.ActiveCfg = Debug|Any CPU
		{74BF45D1-892F-4265-83FC-8E29C8DCFDFC}.Debug|Any CPU.Build.0 = Debug|Any CPU
		{74BF45D1-892F-4265-83FC-8E29C8DCFDFC}.Release|Any CPU.ActiveCfg = Release|Any CPU
		{74BF45D1-892F-4265-83FC-8E29C8DCFDFC}.Release|Any CPU.Build.0 = Release|Any CPU
	EndGlobalSection
	GlobalSection(SolutionProperties) = preSolution
		HideSolutionNode = FALSE
	EndGlobalSection
	GlobalSection(ExtensibilityGlobals) = postSolution
		SolutionGuid = {67A2547A-CCE2-40E4-8E82-A7C03E18E88F}
	EndGlobalSection
EndGlobal
